
Microsoft Visual Studio Solution File, Format Version 12.00
# Visual Studio 15
VisualStudioVersion = 15.0.28307.271
MinimumVisualStudioVersion = 10.0.40219.1
Project("{FAE04EC0-301F-11D3-BF4B-00C04F79EFBC}") = "GameScorer", "GameScorer\GameScorer.csproj", "{C8D91986-5D55-4FC2-807A-AB0520C1B820}"
EndProject
Global
	GlobalSection(SolutionConfigurationPlatforms) = preSolution
		Debug|Any CPU = Debug|Any CPU
		Release|Any CPU = Release|Any CPU
	EndGlobalSection
	GlobalSection(ProjectConfigurationPlatforms) = postSolution
		{C8D91986-5D55-4FC2-807A-AB0520C1B820}.Debug|Any CPU.ActiveCfg = Debug|Any CPU
		{C8D91986-5D55-4FC2-807A-AB0520C1B820}.Debug|Any CPU.Build.0 = Debug|Any CPU
		{C8D91986-5D55-4FC2-807A-AB0520C1B820}.Release|Any CPU.ActiveCfg = Release|Any CPU
		{C8D91986-5D55-4FC2-807A-AB0520C1B820}.Release|Any CPU.Build.0 = Release|Any CPU
	EndGlobalSection
	GlobalSection(SolutionProperties) = preSolution
		HideSolutionNode = FALSE
	EndGlobalSection
	GlobalSection(ExtensibilityGlobals) = postSolution
		SolutionGuid = {2705D8A1-B40D-4254-A0DE-FBA64F9F7A31}
	EndGlobalSection
EndGlobal
